// !$*UTF8*$!
{
	archiveVersion = 1;
	classes = {
	};
	objectVersion = 46;
	objects = {

/* Begin PBXBuildFile section */
		B65A2E431D5974FF0045483D /* KCFABManager.swift in Sources */ = {isa = PBXBuildFile; fileRef = B65A2E3D1D5974FF0045483D /* KCFABManager.swift */; };
		B65A2E441D5974FF0045483D /* KCFABViewController.swift in Sources */ = {isa = PBXBuildFile; fileRef = B65A2E3E1D5974FF0045483D /* KCFABViewController.swift */; };
		B65A2E451D5974FF0045483D /* KCFABWindow.swift in Sources */ = {isa = PBXBuildFile; fileRef = B65A2E3F1D5974FF0045483D /* KCFABWindow.swift */; };
		B65A2E461D5974FF0045483D /* KCFloatingActionButton.swift in Sources */ = {isa = PBXBuildFile; fileRef = B65A2E401D5974FF0045483D /* KCFloatingActionButton.swift */; };
		B65A2E471D5974FF0045483D /* KCFloatingActionButtonDelegate.swift in Sources */ = {isa = PBXBuildFile; fileRef = B65A2E411D5974FF0045483D /* KCFloatingActionButtonDelegate.swift */; };
		B65A2E481D5974FF0045483D /* KCFloatingActionButtonItem.swift in Sources */ = {isa = PBXBuildFile; fileRef = B65A2E421D5974FF0045483D /* KCFloatingActionButtonItem.swift */; };
		B6640EA21BCEA8DA0099510D /* LaunchScreen.xib in Resources */ = {isa = PBXBuildFile; fileRef = B6640EA11BCEA8DA0099510D /* LaunchScreen.xib */; };
		B675871E1BCCFEBC00C4BEAF /* Icons.xcassets in Resources */ = {isa = PBXBuildFile; fileRef = B675871D1BCCFEBC00C4BEAF /* Icons.xcassets */; };
		B6CC36181D91CBFB00D04C6C /* TableViewController.swift in Sources */ = {isa = PBXBuildFile; fileRef = B6CC36171D91CBFB00D04C6C /* TableViewController.swift */; };
		B6F66E1A1BC1017F00E47769 /* AppDelegate.swift in Sources */ = {isa = PBXBuildFile; fileRef = B6F66E191BC1017F00E47769 /* AppDelegate.swift */; };
		B6F66E1C1BC1017F00E47769 /* ViewController.swift in Sources */ = {isa = PBXBuildFile; fileRef = B6F66E1B1BC1017F00E47769 /* ViewController.swift */; };
		B6F66E1F1BC1017F00E47769 /* Main.storyboard in Resources */ = {isa = PBXBuildFile; fileRef = B6F66E1D1BC1017F00E47769 /* Main.storyboard */; };
		B6F66E211BC1017F00E47769 /* Assets.xcassets in Resources */ = {isa = PBXBuildFile; fileRef = B6F66E201BC1017F00E47769 /* Assets.xcassets */; };
/* End PBXBuildFile section */

/* Begin PBXFileReference section */
		B65A2E3D1D5974FF0045483D /* KCFABManager.swift */ = {isa = PBXFileReference; fileEncoding = 4; lastKnownFileType = sourcecode.swift; name = KCFABManager.swift; path = ../../Sources/KCFABManager.swift; sourceTree = "<group>"; };
		B65A2E3E1D5974FF0045483D /* KCFABViewController.swift */ = {isa = PBXFileReference; fileEncoding = 4; lastKnownFileType = sourcecode.swift; name = KCFABViewController.swift; path = ../../Sources/KCFABViewController.swift; sourceTree = "<group>"; };
		B65A2E3F1D5974FF0045483D /* KCFABWindow.swift */ = {isa = PBXFileReference; fileEncoding = 4; lastKnownFileType = sourcecode.swift; name = KCFABWindow.swift; path = ../../Sources/KCFABWindow.swift; sourceTree = "<group>"; };
		B65A2E401D5974FF0045483D /* KCFloatingActionButton.swift */ = {isa = PBXFileReference; fileEncoding = 4; lastKnownFileType = sourcecode.swift; name = KCFloatingActionButton.swift; path = ../../Sources/KCFloatingActionButton.swift; sourceTree = "<group>"; };
		B65A2E411D5974FF0045483D /* KCFloatingActionButtonDelegate.swift */ = {isa = PBXFileReference; fileEncoding = 4; lastKnownFileType = sourcecode.swift; name = KCFloatingActionButtonDelegate.swift; path = ../../Sources/KCFloatingActionButtonDelegate.swift; sourceTree = "<group>"; };
		B65A2E421D5974FF0045483D /* KCFloatingActionButtonItem.swift */ = {isa = PBXFileReference; fileEncoding = 4; lastKnownFileType = sourcecode.swift; name = KCFloatingActionButtonItem.swift; path = ../../Sources/KCFloatingActionButtonItem.swift; sourceTree = "<group>"; };
		B6640EA11BCEA8DA0099510D /* LaunchScreen.xib */ = {isa = PBXFileReference; fileEncoding = 4; lastKnownFileType = file.xib; path = LaunchScreen.xib; sourceTree = "<group>"; };
		B675871D1BCCFEBC00C4BEAF /* Icons.xcassets */ = {isa = PBXFileReference; lastKnownFileType = folder.assetcatalog; path = Icons.xcassets; sourceTree = "<group>"; };
		B6CC36171D91CBFB00D04C6C /* TableViewController.swift */ = {isa = PBXFileReference; fileEncoding = 4; lastKnownFileType = sourcecode.swift; path = TableViewController.swift; sourceTree = "<group>"; };
		B6F66E161BC1017F00E47769 /* KCFloatingActionButton-Sample.app */ = {isa = PBXFileReference; explicitFileType = wrapper.application; includeInIndex = 0; path = "KCFloatingActionButton-Sample.app"; sourceTree = BUILT_PRODUCTS_DIR; };
		B6F66E191BC1017F00E47769 /* AppDelegate.swift */ = {isa = PBXFileReference; lastKnownFileType = sourcecode.swift; path = AppDelegate.swift; sourceTree = "<group>"; };
		B6F66E1B1BC1017F00E47769 /* ViewController.swift */ = {isa = PBXFileReference; lastKnownFileType = sourcecode.swift; path = ViewController.swift; sourceTree = "<group>"; };
		B6F66E1E1BC1017F00E47769 /* Base */ = {isa = PBXFileReference; lastKnownFileType = file.storyboard; name = Base; path = Base.lproj/Main.storyboard; sourceTree = "<group>"; };
		B6F66E201BC1017F00E47769 /* Assets.xcassets */ = {isa = PBXFileReference; lastKnownFileType = folder.assetcatalog; path = Assets.xcassets; sourceTree = "<group>"; };
		B6F66E251BC1017F00E47769 /* Info.plist */ = {isa = PBXFileReference; lastKnownFileType = text.plist.xml; path = Info.plist; sourceTree = "<group>"; };
/* End PBXFileReference section */

/* Begin PBXFrameworksBuildPhase section */
		B6F66E131BC1017F00E47769 /* Frameworks */ = {
			isa = PBXFrameworksBuildPhase;
			buildActionMask = 2147483647;
			files = (
			);
			runOnlyForDeploymentPostprocessing = 0;
		};
/* End PBXFrameworksBuildPhase section */

/* Begin PBXGroup section */
		B6F66E0D1BC1017F00E47769 = {
			isa = PBXGroup;
			children = (
				B6F66E181BC1017F00E47769 /* KCFloatingActionButton-Sample */,
				B6F66E171BC1017F00E47769 /* Products */,
			);
			sourceTree = "<group>";
		};
		B6F66E171BC1017F00E47769 /* Products */ = {
			isa = PBXGroup;
			children = (
				B6F66E161BC1017F00E47769 /* KCFloatingActionButton-Sample.app */,
			);
			name = Products;
			sourceTree = "<group>";
		};
		B6F66E181BC1017F00E47769 /* KCFloatingActionButton-Sample */ = {
			isa = PBXGroup;
			children = (
				B6F66E2B1BC101C000E47769 /* KCFloatingActionButton */,
				B6F66E191BC1017F00E47769 /* AppDelegate.swift */,
				B6F66E1B1BC1017F00E47769 /* ViewController.swift */,
				B6CC36171D91CBFB00D04C6C /* TableViewController.swift */,
				B6F66E1D1BC1017F00E47769 /* Main.storyboard */,
				B6F66E201BC1017F00E47769 /* Assets.xcassets */,
				B675871D1BCCFEBC00C4BEAF /* Icons.xcassets */,
				B6F66E251BC1017F00E47769 /* Info.plist */,
				B6640EA11BCEA8DA0099510D /* LaunchScreen.xib */,
			);
			name = "KCFloatingActionButton-Sample";
			path = KCFloatingActionButton;
			sourceTree = "<group>";
		};
		B6F66E2B1BC101C000E47769 /* KCFloatingActionButton */ = {
			isa = PBXGroup;
			children = (
				B65A2E3D1D5974FF0045483D /* KCFABManager.swift */,
				B65A2E3E1D5974FF0045483D /* KCFABViewController.swift */,
				B65A2E3F1D5974FF0045483D /* KCFABWindow.swift */,
				B65A2E401D5974FF0045483D /* KCFloatingActionButton.swift */,
				B65A2E411D5974FF0045483D /* KCFloatingActionButtonDelegate.swift */,
				B65A2E421D5974FF0045483D /* KCFloatingActionButtonItem.swift */,
			);
			name = KCFloatingActionButton;
			sourceTree = "<group>";
		};
/* End PBXGroup section */

/* Begin PBXNativeTarget section */
		B6F66E151BC1017F00E47769 /* KCFloatingActionButton-Sample */ = {
			isa = PBXNativeTarget;
			buildConfigurationList = B6F66E281BC1017F00E47769 /* Build configuration list for PBXNativeTarget "KCFloatingActionButton-Sample" */;
			buildPhases = (
				B6F66E121BC1017F00E47769 /* Sources */,
				B6F66E131BC1017F00E47769 /* Frameworks */,
				B6F66E141BC1017F00E47769 /* Resources */,
			);
			buildRules = (
			);
			dependencies = (
			);
			name = "KCFloatingActionButton-Sample";
			productName = KCFloatingActionButton;
			productReference = B6F66E161BC1017F00E47769 /* KCFloatingActionButton-Sample.app */;
			productType = "com.apple.product-type.application";
		};
/* End PBXNativeTarget section */

/* Begin PBXProject section */
		B6F66E0E1BC1017F00E47769 /* Project object */ = {
			isa = PBXProject;
			attributes = {
				LastUpgradeCheck = 0800;
				ORGANIZATIONNAME = kciter;
				TargetAttributes = {
					B6F66E151BC1017F00E47769 = {
						CreatedOnToolsVersion = 7.0;
						LastSwiftMigration = 0800;
					};
				};
			};
			buildConfigurationList = B6F66E111BC1017F00E47769 /* Build configuration list for PBXProject "KCFloatingActionButton-Sample" */;
			compatibilityVersion = "Xcode 3.2";
			developmentRegion = English;
			hasScannedForEncodings = 0;
			knownRegions = (
				en,
				Base,
			);
			mainGroup = B6F66E0D1BC1017F00E47769;
			productRefGroup = B6F66E171BC1017F00E47769 /* Products */;
			projectDirPath = "";
			projectRoot = "";
			targets = (
				B6F66E151BC1017F00E47769 /* KCFloatingActionButton-Sample */,
			);
		};
/* End PBXProject section */

/* Begin PBXResourcesBuildPhase section */
		B6F66E141BC1017F00E47769 /* Resources */ = {
			isa = PBXResourcesBuildPhase;
			buildActionMask = 2147483647;
			files = (
				B6640EA21BCEA8DA0099510D /* LaunchScreen.xib in Resources */,
				B6F66E211BC1017F00E47769 /* Assets.xcassets in Resources */,
				B675871E1BCCFEBC00C4BEAF /* Icons.xcassets in Resources */,
				B6F66E1F1BC1017F00E47769 /* Main.storyboard in Resources */,
			);
			runOnlyForDeploymentPostprocessing = 0;
		};
/* End PBXResourcesBuildPhase section */

/* Begin PBXSourcesBuildPhase section */
		B6F66E121BC1017F00E47769 /* Sources */ = {
			isa = PBXSourcesBuildPhase;
			buildActionMask = 2147483647;
			files = (
				B6F66E1C1BC1017F00E47769 /* ViewController.swift in Sources */,
				B65A2E481D5974FF0045483D /* KCFloatingActionButtonItem.swift in Sources */,
				B6F66E1A1BC1017F00E47769 /* AppDelegate.swift in Sources */,
				B6CC36181D91CBFB00D04C6C /* TableViewController.swift in Sources */,
				B65A2E451D5974FF0045483D /* KCFABWindow.swift in Sources */,
				B65A2E441D5974FF0045483D /* KCFABViewController.swift in Sources */,
				B65A2E431D5974FF0045483D /* KCFABManager.swift in Sources */,
				B65A2E471D5974FF0045483D /* KCFloatingActionButtonDelegate.swift in Sources */,
				B65A2E461D5974FF0045483D /* KCFloatingActionButton.swift in Sources */,
			);
			runOnlyForDeploymentPostprocessing = 0;
		};
/* End PBXSourcesBuildPhase section */

/* Begin PBXVariantGroup section */
		B6F66E1D1BC1017F00E47769 /* Main.storyboard */ = {
			isa = PBXVariantGroup;
			children = (
				B6F66E1E1BC1017F00E47769 /* Base */,
			);
			name = Main.storyboard;
			sourceTree = "<group>";
		};
/* End PBXVariantGroup section */

/* Begin XCBuildConfiguration section */
		B6F66E261BC1017F00E47769 /* Debug */ = {
			isa = XCBuildConfiguration;
			buildSettings = {
				ALWAYS_SEARCH_USER_PATHS = NO;
				CLANG_CXX_LANGUAGE_STANDARD = "gnu++0x";
				CLANG_CXX_LIBRARY = "libc++";
				CLANG_ENABLE_MODULES = YES;
				CLANG_ENABLE_OBJC_ARC = YES;
				CLANG_WARN_BOOL_CONVERSION = YES;
				CLANG_WARN_CONSTANT_CONVERSION = YES;
				CLANG_WARN_DIRECT_OBJC_ISA_USAGE = YES_ERROR;
				CLANG_WARN_EMPTY_BODY = YES;
				CLANG_WARN_ENUM_CONVERSION = YES;
				CLANG_WARN_INFINITE_RECURSION = YES;
				CLANG_WARN_INT_CONVERSION = YES;
				CLANG_WARN_OBJC_ROOT_CLASS = YES_ERROR;
				CLANG_WARN_SUSPICIOUS_MOVE = YES;
				CLANG_WARN_UNREACHABLE_CODE = YES;
				CLANG_WARN__DUPLICATE_METHOD_MATCH = YES;
				"CODE_SIGN_IDENTITY[sdk=iphoneos*]" = "iPhone Developer";
				COPY_PHASE_STRIP = NO;
				DEBUG_INFORMATION_FORMAT = dwarf;
				ENABLE_STRICT_OBJC_MSGSEND = YES;
				ENABLE_TESTABILITY = YES;
				GCC_C_LANGUAGE_STANDARD = gnu99;
				GCC_DYNAMIC_NO_PIC = NO;
				GCC_NO_COMMON_BLOCKS = YES;
				GCC_OPTIMIZATION_LEVEL = 0;
				GCC_PREPROCESSOR_DEFINITIONS = (
					"DEBUG=1",
					"$(inherited)",
				);
				GCC_WARN_64_TO_32_BIT_CONVERSION = YES;
				GCC_WARN_ABOUT_RETURN_TYPE = YES_ERROR;
				GCC_WARN_UNDECLARED_SELECTOR = YES;
				GCC_WARN_UNINITIALIZED_AUTOS = YES_AGGRESSIVE;
				GCC_WARN_UNUSED_FUNCTION = YES;
				GCC_WARN_UNUSED_VARIABLE = YES;
				IPHONEOS_DEPLOYMENT_TARGET = 8.0;
				MTL_ENABLE_DEBUG_INFO = YES;
				ONLY_ACTIVE_ARCH = YES;
				SDKROOT = iphoneos;
				SWIFT_OPTIMIZATION_LEVEL = "-Onone";
			};
			name = Debug;
		};
		B6F66E271BC1017F00E47769 /* Release */ = {
			isa = XCBuildConfiguration;
			buildSettings = {
				ALWAYS_SEARCH_USER_PATHS = NO;
				CLANG_CXX_LANGUAGE_STANDARD = "gnu++0x";
				CLANG_CXX_LIBRARY = "libc++";
				CLANG_ENABLE_MODULES = YES;
				CLANG_ENABLE_OBJC_ARC = YES;
				CLANG_WARN_BOOL_CONVERSION = YES;
				CLANG_WARN_CONSTANT_CONVERSION = YES;
				CLANG_WARN_DIRECT_OBJC_ISA_USAGE = YES_ERROR;
				CLANG_WARN_EMPTY_BODY = YES;
				CLANG_WARN_ENUM_CONVERSION = YES;
				CLANG_WARN_INFINITE_RECURSION = YES;
				CLANG_WARN_INT_CONVERSION = YES;
				CLANG_WARN_OBJC_ROOT_CLASS = YES_ERROR;
				CLANG_WARN_SUSPICIOUS_MOVE = YES;
				CLANG_WARN_UNREACHABLE_CODE = YES;
				CLANG_WARN__DUPLICATE_METHOD_MATCH = YES;
				"CODE_SIGN_IDENTITY[sdk=iphoneos*]" = "iPhone Developer";
				COPY_PHASE_STRIP = NO;
				DEBUG_INFORMATION_FORMAT = "dwarf-with-dsym";
				ENABLE_NS_ASSERTIONS = NO;
				ENABLE_STRICT_OBJC_MSGSEND = YES;
				GCC_C_LANGUAGE_STANDARD = gnu99;
				GCC_NO_COMMON_BLOCKS = YES;
				GCC_WARN_64_TO_32_BIT_CONVERSION = YES;
				GCC_WARN_ABOUT_RETURN_TYPE = YES_ERROR;
				GCC_WARN_UNDECLARED_SELECTOR = YES;
				GCC_WARN_UNINITIALIZED_AUTOS = YES_AGGRESSIVE;
				GCC_WARN_UNUSED_FUNCTION = YES;
				GCC_WARN_UNUSED_VARIABLE = YES;
				IPHONEOS_DEPLOYMENT_TARGET = 8.0;
				MTL_ENABLE_DEBUG_INFO = NO;
				SDKROOT = iphoneos;
				SWIFT_OPTIMIZATION_LEVEL = "-Owholemodule";
				VALIDATE_PRODUCT = YES;
			};
			name = Release;
		};
		B6F66E291BC1017F00E47769 /* Debug */ = {
			isa = XCBuildConfiguration;
			buildSettings = {
				ASSETCATALOG_COMPILER_APPICON_NAME = AppIcon;
				INFOPLIST_FILE = KCFloatingActionButton/Info.plist;
				IPHONEOS_DEPLOYMENT_TARGET = 8.0;
				LD_RUNPATH_SEARCH_PATHS = "$(inherited) @executable_path/Frameworks";
				PRODUCT_BUNDLE_IDENTIFIER = kciter.KCFloatingActionButton;
				PRODUCT_NAME = "KCFloatingActionButton-Sample";
				SWIFT_VERSION = 3.0;
			};
			name = Debug;
		};
		B6F66E2A1BC1017F00E47769 /* Release */ = {
			isa = XCBuildConfiguration;
			buildSettings = {
				ASSETCATALOG_COMPILER_APPICON_NAME = AppIcon;
				INFOPLIST_FILE = KCFloatingActionButton/Info.plist;
				IPHONEOS_DEPLOYMENT_TARGET = 8.0;
				LD_RUNPATH_SEARCH_PATHS = "$(inherited) @executable_path/Frameworks";
				PRODUCT_BUNDLE_IDENTIFIER = kciter.KCFloatingActionButton;
				PRODUCT_NAME = "KCFloatingActionButton-Sample";
				SWIFT_VERSION = 3.0;
			};
			name = Release;
		};
/* End XCBuildConfiguration section */

/* Begin XCConfigurationList section */
		B6F66E111BC1017F00E47769 /* Build configuration list for PBXProject "KCFloatingActionButton-Sample" */ = {
			isa = XCConfigurationList;
			buildConfigurations = (
				B6F66E261BC1017F00E47769 /* Debug */,
				B6F66E271BC1017F00E47769 /* Release */,
			);
			defaultConfigurationIsVisible = 0;
			defaultConfigurationName = Release;
		};
		B6F66E281BC1017F00E47769 /* Build configuration list for PBXNativeTarget "KCFloatingActionButton-Sample" */ = {
			isa = XCConfigurationList;
			buildConfigurations = (
				B6F66E291BC1017F00E47769 /* Debug */,
				B6F66E2A1BC1017F00E47769 /* Release */,
			);
			defaultConfigurationIsVisible = 0;
			defaultConfigurationName = Release;
		};
/* End XCConfigurationList section */
	};
	rootObject = B6F66E0E1BC1017F00E47769 /* Project object */;
}
